// !$*UTF8*$!
{
	archiveVersion = 1;
	classes = {
	};
	objectVersion = 46;
	objects = {

/* Begin PBXBuildFile section */
		0E6EEE25175BAE5A00846654 /* Foundation.framework in Frameworks */ = {isa = PBXBuildFile; fileRef = 0E6EEE24175BAE5A00846654 /* Foundation.framework */; };
		0E6EEE2A175BAE5A00846654 /* WebPay.h in CopyFiles */ = {isa = PBXBuildFile; fileRef = 0E6EEE29175BAE5A00846654 /* WebPay.h */; };
		0E6EEE2C175BAE5A00846654 /* WebPay.m in Sources */ = {isa = PBXBuildFile; fileRef = 0E6EEE2B175BAE5A00846654 /* WebPay.m */; };
		0E6EEE34175BAEC700846654 /* WebPayView.m in Sources */ = {isa = PBXBuildFile; fileRef = 0E6EEE33175BAEC700846654 /* WebPayView.m */; };
/* End PBXBuildFile section */

/* Begin PBXCopyFilesBuildPhase section */
		0E6EEE1F175BAE5A00846654 /* CopyFiles */ = {
			isa = PBXCopyFilesBuildPhase;
			buildActionMask = 2147483647;
			dstPath = "include/${PRODUCT_NAME}";
			dstSubfolderSpec = 16;
			files = (
				0E6EEE2A175BAE5A00846654 /* WebPay.h in CopyFiles */,
			);
			runOnlyForDeploymentPostprocessing = 0;
		};
/* End PBXCopyFilesBuildPhase section */

/* Begin PBXFileReference section */
		0E6EEE21175BAE5A00846654 /* libWebPay.a */ = {isa = PBXFileReference; explicitFileType = archive.ar; includeInIndex = 0; path = libWebPay.a; sourceTree = BUILT_PRODUCTS_DIR; };
		0E6EEE24175BAE5A00846654 /* Foundation.framework */ = {isa = PBXFileReference; lastKnownFileType = wrapper.framework; name = Foundation.framework; path = System/Library/Frameworks/Foundation.framework; sourceTree = SDKROOT; };
		0E6EEE28175BAE5A00846654 /* WebPay-Prefix.pch */ = {isa = PBXFileReference; lastKnownFileType = sourcecode.c.h; path = "WebPay-Prefix.pch"; sourceTree = "<group>"; };
		0E6EEE29175BAE5A00846654 /* WebPay.h */ = {isa = PBXFileReference; lastKnownFileType = sourcecode.c.h; path = WebPay.h; sourceTree = "<group>"; };
		0E6EEE2B175BAE5A00846654 /* WebPay.m */ = {isa = PBXFileReference; lastKnownFileType = sourcecode.c.objc; path = WebPay.m; sourceTree = "<group>"; };
		0E6EEE32175BAEC700846654 /* WebPayView.h */ = {isa = PBXFileReference; fileEncoding = 4; lastKnownFileType = sourcecode.c.h; path = WebPayView.h; sourceTree = "<group>"; };
		0E6EEE33175BAEC700846654 /* WebPayView.m */ = {isa = PBXFileReference; fileEncoding = 4; lastKnownFileType = sourcecode.c.objc; path = WebPayView.m; sourceTree = "<group>"; };
/* End PBXFileReference section */

/* Begin PBXFrameworksBuildPhase section */
		0E6EEE1E175BAE5A00846654 /* Frameworks */ = {
			isa = PBXFrameworksBuildPhase;
			buildActionMask = 2147483647;
			files = (
				0E6EEE25175BAE5A00846654 /* Foundation.framework in Frameworks */,
			);
			runOnlyForDeploymentPostprocessing = 0;
		};
/* End PBXFrameworksBuildPhase section */

/* Begin PBXGroup section */
		0E6EEE18175BAE5A00846654 = {
			isa = PBXGroup;
			children = (
				0E6EEE26175BAE5A00846654 /* WebPay */,
				0E6EEE23175BAE5A00846654 /* Frameworks */,
				0E6EEE22175BAE5A00846654 /* Products */,
			);
			sourceTree = "<group>";
		};
		0E6EEE22175BAE5A00846654 /* Products */ = {
			isa = PBXGroup;
			children = (
				0E6EEE21175BAE5A00846654 /* libWebPay.a */,
			);
			name = Products;
			sourceTree = "<group>";
		};
		0E6EEE23175BAE5A00846654 /* Frameworks */ = {
			isa = PBXGroup;
			children = (
				0E6EEE24175BAE5A00846654 /* Foundation.framework */,
			);
			name = Frameworks;
			sourceTree = "<group>";
		};
		0E6EEE26175BAE5A00846654 /* WebPay */ = {
			isa = PBXGroup;
			children = (
				0E6EEE29175BAE5A00846654 /* WebPay.h */,
				0E6EEE2B175BAE5A00846654 /* WebPay.m */,
				0E6EEE32175BAEC700846654 /* WebPayView.h */,
				0E6EEE33175BAEC700846654 /* WebPayView.m */,
				0E6EEE27175BAE5A00846654 /* Supporting Files */,
			);
			path = WebPay;
			sourceTree = "<group>";
		};
		0E6EEE27175BAE5A00846654 /* Supporting Files */ = {
			isa = PBXGroup;
			children = (
				0E6EEE28175BAE5A00846654 /* WebPay-Prefix.pch */,
			);
			name = "Supporting Files";
			sourceTree = "<group>";
		};
/* End PBXGroup section */

/* Begin PBXNativeTarget section */
		0E6EEE20175BAE5A00846654 /* WebPay */ = {
			isa = PBXNativeTarget;
			buildConfigurationList = 0E6EEE2F175BAE5A00846654 /* Build configuration list for PBXNativeTarget "WebPay" */;
			buildPhases = (
				0E6EEE1D175BAE5A00846654 /* Sources */,
				0E6EEE1E175BAE5A00846654 /* Frameworks */,
				0E6EEE1F175BAE5A00846654 /* CopyFiles */,
			);
			buildRules = (
			);
			dependencies = (
			);
			name = WebPay;
			productName = WebPay;
			productReference = 0E6EEE21175BAE5A00846654 /* libWebPay.a */;
			productType = "com.apple.product-type.library.static";
		};
/* End PBXNativeTarget section */

/* Begin PBXProject section */
		0E6EEE19175BAE5A00846654 /* Project object */ = {
			isa = PBXProject;
			attributes = {
				LastUpgradeCheck = 0460;
				ORGANIZATIONNAME = "Makoto Mitsui";
			};
			buildConfigurationList = 0E6EEE1C175BAE5A00846654 /* Build configuration list for PBXProject "WebPay" */;
			compatibilityVersion = "Xcode 3.2";
			developmentRegion = English;
			hasScannedForEncodings = 0;
			knownRegions = (
				en,
			);
			mainGroup = 0E6EEE18175BAE5A00846654;
			productRefGroup = 0E6EEE22175BAE5A00846654 /* Products */;
			projectDirPath = "";
			projectRoot = "";
			targets = (
				0E6EEE20175BAE5A00846654 /* WebPay */,
			);
		};
/* End PBXProject section */

/* Begin PBXSourcesBuildPhase section */
		0E6EEE1D175BAE5A00846654 /* Sources */ = {
			isa = PBXSourcesBuildPhase;
			buildActionMask = 2147483647;
			files = (
				0E6EEE2C175BAE5A00846654 /* WebPay.m in Sources */,
				0E6EEE34175BAEC700846654 /* WebPayView.m in Sources */,
			);
			runOnlyForDeploymentPostprocessing = 0;
		};
/* End PBXSourcesBuildPhase section */

/* Begin XCBuildConfiguration section */
		0E6EEE2D175BAE5A00846654 /* Debug */ = {
			isa = XCBuildConfiguration;
			buildSettings = {
				ALWAYS_SEARCH_USER_PATHS = NO;
				CLANG_CXX_LANGUAGE_STANDARD = "gnu++0x";
				CLANG_CXX_LIBRARY = "libc++";
				CLANG_ENABLE_OBJC_ARC = YES;
				CLANG_WARN_CONSTANT_CONVERSION = YES;
				CLANG_WARN_EMPTY_BODY = YES;
				CLANG_WARN_ENUM_CONVERSION = YES;
				CLANG_WARN_INT_CONVERSION = YES;
				CLANG_WARN__DUPLICATE_METHOD_MATCH = YES;
				COPY_PHASE_STRIP = NO;
				GCC_C_LANGUAGE_STANDARD = gnu99;
				GCC_DYNAMIC_NO_PIC = NO;
				GCC_OPTIMIZATION_LEVEL = 0;
				GCC_PREPROCESSOR_DEFINITIONS = (
					"DEBUG=1",
					"$(inherited)",
				);
				GCC_SYMBOLS_PRIVATE_EXTERN = NO;
				GCC_WARN_ABOUT_RETURN_TYPE = YES;
				GCC_WARN_UNINITIALIZED_AUTOS = YES;
				GCC_WARN_UNUSED_VARIABLE = YES;
				IPHONEOS_DEPLOYMENT_TARGET = 6.1;
				ONLY_ACTIVE_ARCH = YES;
				SDKROOT = iphoneos;
			};
			name = Debug;
		};
		0E6EEE2E175BAE5A00846654 /* Release */ = {
			isa = XCBuildConfiguration;
			buildSettings = {
				ALWAYS_SEARCH_USER_PATHS = NO;
				CLANG_CXX_LANGUAGE_STANDARD = "gnu++0x";
				CLANG_CXX_LIBRARY = "libc++";
				CLANG_ENABLE_OBJC_ARC = YES;
				CLANG_WARN_CONSTANT_CONVERSION = YES;
				CLANG_WARN_EMPTY_BODY = YES;
				CLANG_WARN_ENUM_CONVERSION = YES;
				CLANG_WARN_INT_CONVERSION = YES;
				CLANG_WARN__DUPLICATE_METHOD_MATCH = YES;
				COPY_PHASE_STRIP = YES;
				GCC_C_LANGUAGE_STANDARD = gnu99;
				GCC_WARN_ABOUT_RETURN_TYPE = YES;
				GCC_WARN_UNINITIALIZED_AUTOS = YES;
				GCC_WARN_UNUSED_VARIABLE = YES;
				IPHONEOS_DEPLOYMENT_TARGET = 6.1;
				SDKROOT = iphoneos;
				VALIDATE_PRODUCT = YES;
			};
			name = Release;
		};
		0E6EEE30175BAE5A00846654 /* Debug */ = {
			isa = XCBuildConfiguration;
			buildSettings = {
				DSTROOT = /tmp/WebPay.dst;
				GCC_PRECOMPILE_PREFIX_HEADER = YES;
				GCC_PREFIX_HEADER = "WebPay/WebPay-Prefix.pch";
				OTHER_LDFLAGS = "-ObjC";
				PRODUCT_NAME = "$(TARGET_NAME)";
				SKIP_INSTALL = YES;
			};
			name = Debug;
		};
		0E6EEE31175BAE5A00846654 /* Release */ = {
			isa = XCBuildConfiguration;
			buildSettings = {
				DSTROOT = /tmp/WebPay.dst;
				GCC_PRECOMPILE_PREFIX_HEADER = YES;
				GCC_PREFIX_HEADER = "WebPay/WebPay-Prefix.pch";
				OTHER_LDFLAGS = "-ObjC";
				PRODUCT_NAME = "$(TARGET_NAME)";
				SKIP_INSTALL = YES;
			};
			name = Release;
		};
/* End XCBuildConfiguration section */

/* Begin XCConfigurationList section */
		0E6EEE1C175BAE5A00846654 /* Build configuration list for PBXProject "WebPay" */ = {
			isa = XCConfigurationList;
			buildConfigurations = (
				0E6EEE2D175BAE5A00846654 /* Debug */,
				0E6EEE2E175BAE5A00846654 /* Release */,
			);
			defaultConfigurationIsVisible = 0;
			defaultConfigurationName = Release;
		};
		0E6EEE2F175BAE5A00846654 /* Build configuration list for PBXNativeTarget "WebPay" */ = {
			isa = XCConfigurationList;
			buildConfigurations = (
				0E6EEE30175BAE5A00846654 /* Debug */,
				0E6EEE31175BAE5A00846654 /* Release */,
			);
			defaultConfigurationIsVisible = 0;
			defaultConfigurationName = Release;
		};
/* End XCConfigurationList section */
	};
	rootObject = 0E6EEE19175BAE5A00846654 /* Project object */;
}
